// !$*UTF8*$!
{
	archiveVersion = 1;
	classes = {
	};
	objectVersion = 56;
	objects = {

/* Begin PBXBuildFile section */
		APP001 /* TextBlockerApp.swift in Sources */ = {isa = PBXBuildFile; fileRef = SRC001; };
		APP002 /* MainView.swift in Sources */ = {isa = PBXBuildFile; fileRef = SRC002; };
		APP005 /* QueueView.swift in Sources */ = {isa = PBXBuildFile; fileRef = SRC005; };
		APP006 /* SettingsView.swift in Sources */ = {isa = PBXBuildFile; fileRef = SRC006; };
		APP007 /* ProcessingJob.swift in Sources */ = {isa = PBXBuildFile; fileRef = SRC007; };
		APP008 /* TextRegion.swift in Sources */ = {isa = PBXBuildFile; fileRef = SRC008; };
		APP009 /* Preset.swift in Sources */ = {isa = PBXBuildFile; fileRef = SRC009; };
		APP010 /* SettingsService.swift in Sources */ = {isa = PBXBuildFile; fileRef = SRC010; };
		APP011 /* FFmpegService.swift in Sources */ = {isa = PBXBuildFile; fileRef = SRC011; };
		APP012 /* VisionOCRService.swift in Sources */ = {isa = PBXBuildFile; fileRef = SRC012; };
		APP013 /* PerceptualHashService.swift in Sources */ = {isa = PBXBuildFile; fileRef = SRC013; };
		APP014 /* YTDLPService.swift in Sources */ = {isa = PBXBuildFile; fileRef = SRC014; };
		APP015 /* ProcessingViewModel.swift in Sources */ = {isa = PBXBuildFile; fileRef = SRC015; };
		APP016 /* Assets.xcassets in Resources */ = {isa = PBXBuildFile; fileRef = RES001; };
		APP017 /* InputView.swift in Sources */ = {isa = PBXBuildFile; fileRef = SRC017; };
		APP018 /* DependencyLocator.swift in Sources */ = {isa = PBXBuildFile; fileRef = SRC018; };
		TST001 /* TextBlockerAppTests.swift in Sources */ = {isa = PBXBuildFile; fileRef = TSTSRC001; };
		TST002 /* XCTest.framework in Frameworks */ = {isa = PBXBuildFile; fileRef = FRM002; };
/* End PBXBuildFile section */

/* Begin PBXContainerItemProxy section */
		DEP001 /* PBXContainerItemProxy */ = {
			isa = PBXContainerItemProxy;
			containerPortal = PRJ001 /* Project object */;
			proxyType = 1;
			remoteGlobalIDString = TGT001;
			remoteInfo = TextBlockerApp;
		};
/* End PBXContainerItemProxy section */

/* Begin PBXFileReference section */
		PRD001 /* TextBlockerApp.app */ = {isa = PBXFileReference; explicitFileType = wrapper.application; includeInIndex = 0; path = TextBlockerApp.app; sourceTree = BUILT_PRODUCTS_DIR; };
		PRD002 /* TextBlockerAppTests.xctest */ = {isa = PBXFileReference; explicitFileType = wrapper.cfbundle; includeInIndex = 0; path = TextBlockerAppTests.xctest; sourceTree = BUILT_PRODUCTS_DIR; };
		SRC001 /* TextBlockerApp.swift */ = {isa = PBXFileReference; lastKnownFileType = sourcecode.swift; path = TextBlockerApp.swift; sourceTree = "<group>"; };
		SRC002 /* MainView.swift */ = {isa = PBXFileReference; lastKnownFileType = sourcecode.swift; path = MainView.swift; sourceTree = "<group>"; };
		SRC005 /* QueueView.swift */ = {isa = PBXFileReference; lastKnownFileType = sourcecode.swift; path = QueueView.swift; sourceTree = "<group>"; };
		SRC006 /* SettingsView.swift */ = {isa = PBXFileReference; lastKnownFileType = sourcecode.swift; path = SettingsView.swift; sourceTree = "<group>"; };
		SRC007 /* ProcessingJob.swift */ = {isa = PBXFileReference; lastKnownFileType = sourcecode.swift; path = ProcessingJob.swift; sourceTree = "<group>"; };
		SRC008 /* TextRegion.swift */ = {isa = PBXFileReference; lastKnownFileType = sourcecode.swift; path = TextRegion.swift; sourceTree = "<group>"; };
		SRC009 /* Preset.swift */ = {isa = PBXFileReference; lastKnownFileType = sourcecode.swift; path = Preset.swift; sourceTree = "<group>"; };
		SRC010 /* SettingsService.swift */ = {isa = PBXFileReference; lastKnownFileType = sourcecode.swift; path = SettingsService.swift; sourceTree = "<group>"; };
		SRC011 /* FFmpegService.swift */ = {isa = PBXFileReference; lastKnownFileType = sourcecode.swift; path = FFmpegService.swift; sourceTree = "<group>"; };
		SRC012 /* VisionOCRService.swift */ = {isa = PBXFileReference; lastKnownFileType = sourcecode.swift; path = VisionOCRService.swift; sourceTree = "<group>"; };
		SRC013 /* PerceptualHashService.swift */ = {isa = PBXFileReference; lastKnownFileType = sourcecode.swift; path = PerceptualHashService.swift; sourceTree = "<group>"; };
		SRC014 /* YTDLPService.swift */ = {isa = PBXFileReference; lastKnownFileType = sourcecode.swift; path = YTDLPService.swift; sourceTree = "<group>"; };
		SRC015 /* ProcessingViewModel.swift */ = {isa = PBXFileReference; lastKnownFileType = sourcecode.swift; path = ProcessingViewModel.swift; sourceTree = "<group>"; };
		SRC017 /* InputView.swift */ = {isa = PBXFileReference; lastKnownFileType = sourcecode.swift; path = InputView.swift; sourceTree = "<group>"; };
		SRC018 /* DependencyLocator.swift */ = {isa = PBXFileReference; lastKnownFileType = sourcecode.swift; path = DependencyLocator.swift; sourceTree = "<group>"; };
		TSTSRC001 /* TextBlockerAppTests.swift */ = {isa = PBXFileReference; lastKnownFileType = sourcecode.swift; path = TextBlockerAppTests.swift; sourceTree = "<group>"; };
		RES001 /* Assets.xcassets */ = {isa = PBXFileReference; lastKnownFileType = folder.assetcatalog; path = Assets.xcassets; sourceTree = "<group>"; };
		ENT001 /* TextBlocker.entitlements */ = {isa = PBXFileReference; lastKnownFileType = text.plist.entitlements; path = TextBlocker.entitlements; sourceTree = "<group>"; };
		FRM002 /* XCTest.framework */ = {isa = PBXFileReference; lastKnownFileType = wrapper.framework; name = XCTest.framework; path = System/Library/Frameworks/XCTest.framework; sourceTree = SDKROOT; };
/* End PBXFileReference section */

/* Begin PBXFrameworksBuildPhase section */
		FRM001 /* Frameworks */ = {
			isa = PBXFrameworksBuildPhase;
			buildActionMask = 2147483647;
			files = (
			);
			runOnlyForDeploymentPostprocessing = 0;
		};
		TSTFRM100 /* Frameworks */ = {
			isa = PBXFrameworksBuildPhase;
			buildActionMask = 2147483647;
			files = (
				TST002 /* XCTest.framework in Frameworks */,
			);
			runOnlyForDeploymentPostprocessing = 0;
		};
/* End PBXFrameworksBuildPhase section */

/* Begin PBXGroup section */
		GRP001 = {
			isa = PBXGroup;
			children = (
				GRP002 /* TextBlockerApp */,
				GRP009 /* TextBlockerAppTests */,
				GRP010 /* Frameworks */,
				GRP003 /* Products */,
			);
			sourceTree = "<group>";
		};
		GRP002 /* TextBlockerApp */ = {
			isa = PBXGroup;
			children = (
				SRC001 /* TextBlockerApp.swift */,
				GRP004 /* Models */,
				GRP005 /* Services */,
				GRP006 /* ViewModels */,
				GRP007 /* Views */,
				RES001 /* Assets.xcassets */,
				ENT001 /* TextBlocker.entitlements */,
			);
			path = TextBlockerApp;
			sourceTree = "<group>";
		};
		GRP003 /* Products */ = {
			isa = PBXGroup;
			children = (
				PRD001 /* TextBlockerApp.app */,
				PRD002 /* TextBlockerAppTests.xctest */,
			);
			name = Products;
			sourceTree = "<group>";
		};
		GRP004 /* Models */ = {
			isa = PBXGroup;
			children = (
				SRC007 /* ProcessingJob.swift */,
				SRC008 /* TextRegion.swift */,
				SRC009 /* Preset.swift */,
			);
			path = Models;
			sourceTree = "<group>";
		};
		GRP005 /* Services */ = {
			isa = PBXGroup;
			children = (
				SRC010 /* SettingsService.swift */,
				SRC011 /* FFmpegService.swift */,
				SRC012 /* VisionOCRService.swift */,
				SRC013 /* PerceptualHashService.swift */,
				SRC014 /* YTDLPService.swift */,
				SRC018 /* DependencyLocator.swift */,
			);
			path = Services;
			sourceTree = "<group>";
		};
		GRP006 /* ViewModels */ = {
			isa = PBXGroup;
			children = (
				SRC015 /* ProcessingViewModel.swift */,
			);
			path = ViewModels;
			sourceTree = "<group>";
		};
		GRP007 /* Views */ = {
			isa = PBXGroup;
			children = (
				SRC002 /* MainView.swift */,
				SRC005 /* QueueView.swift */,
				SRC006 /* SettingsView.swift */,
				SRC017 /* InputView.swift */,
				GRP008 /* Components */,
			);
			path = Views;
			sourceTree = "<group>";
		};
		GRP008 /* Components */ = {
			isa = PBXGroup;
			children = (
			);
			path = Components;
			sourceTree = "<group>";
		};
		GRP009 /* TextBlockerAppTests */ = {
			isa = PBXGroup;
			children = (
				TSTSRC001 /* TextBlockerAppTests.swift */,
			);
			path = TextBlockerAppTests;
			sourceTree = "<group>";
		};
		GRP010 /* Frameworks */ = {
			isa = PBXGroup;
			children = (
				FRM002 /* XCTest.framework */,
			);
			name = Frameworks;
			sourceTree = "<group>";
		};
/* End PBXGroup section */

/* Begin PBXNativeTarget section */
		TGT001 /* TextBlockerApp */ = {
			isa = PBXNativeTarget;
			buildConfigurationList = CFG003;
			buildPhases = (
				SRC100 /* Sources */,
				FRM001 /* Frameworks */,
				RES100 /* Resources */,
			);
			buildRules = (
			);
			dependencies = (
			);
			name = TextBlockerApp;
			productName = TextBlockerApp;
			productReference = PRD001 /* TextBlockerApp.app */;
			productType = "com.apple.product-type.application";
		};
		TGT002 /* TextBlockerAppTests */ = {
			isa = PBXNativeTarget;
			buildConfigurationList = CFG004;
			buildPhases = (
				TSTSRC100 /* Sources */,
				TSTFRM100 /* Frameworks */,
				TSTRES100 /* Resources */,
			);
			buildRules = (
			);
			dependencies = (
				DEP002 /* PBXTargetDependency */,
			);
			name = TextBlockerAppTests;
			productName = TextBlockerAppTests;
			productReference = PRD002 /* TextBlockerAppTests.xctest */;
			productType = "com.apple.product-type.bundle.unit-test";
		};
/* End PBXNativeTarget section */

/* Begin PBXProject section */
		PRJ001 /* Project object */ = {
			isa = PBXProject;
			attributes = {
				BuildIndependentTargetsInParallel = 1;
				LastSwiftUpdateCheck = 1500;
				LastUpgradeCheck = 1500;
				TargetAttributes = {
					TGT001 = {
						CreatedOnToolsVersion = 15.0;
					};
				};
			};
			buildConfigurationList = CFG001;
			compatibilityVersion = "Xcode 14.0";
			developmentRegion = en;
			hasScannedForEncodings = 0;
			knownRegions = (
				en,
				Base,
			);
			mainGroup = GRP001;
			productRefGroup = GRP003 /* Products */;
			projectDirPath = "";
			projectRoot = "";
			targets = (
				TGT001 /* TextBlockerApp */,
				TGT002 /* TextBlockerAppTests */,
			);
		};
/* End PBXProject section */

/* Begin PBXResourcesBuildPhase section */
		RES100 /* Resources */ = {
			isa = PBXResourcesBuildPhase;
			buildActionMask = 2147483647;
			files = (
				APP016 /* Assets.xcassets in Resources */,
			);
			runOnlyForDeploymentPostprocessing = 0;
		};
		TSTRES100 /* Resources */ = {
			isa = PBXResourcesBuildPhase;
			buildActionMask = 2147483647;
			files = (
			);
			runOnlyForDeploymentPostprocessing = 0;
		};
/* End PBXResourcesBuildPhase section */

/* Begin PBXSourcesBuildPhase section */
		SRC100 /* Sources */ = {
			isa = PBXSourcesBuildPhase;
			buildActionMask = 2147483647;
			files = (
				APP001 /* TextBlockerApp.swift in Sources */,
				APP002 /* MainView.swift in Sources */,
				APP005 /* QueueView.swift in Sources */,
				APP006 /* SettingsView.swift in Sources */,
				APP007 /* ProcessingJob.swift in Sources */,
				APP008 /* TextRegion.swift in Sources */,
				APP009 /* Preset.swift in Sources */,
				APP010 /* SettingsService.swift in Sources */,
				APP011 /* FFmpegService.swift in Sources */,
				APP012 /* VisionOCRService.swift in Sources */,
				APP013 /* PerceptualHashService.swift in Sources */,
				APP014 /* YTDLPService.swift in Sources */,
				APP015 /* ProcessingViewModel.swift in Sources */,
				APP017 /* InputView.swift in Sources */,
				APP018 /* DependencyLocator.swift in Sources */,
			);
			runOnlyForDeploymentPostprocessing = 0;
		};
		TSTSRC100 /* Sources */ = {
			isa = PBXSourcesBuildPhase;
			buildActionMask = 2147483647;
			files = (
				TST001 /* TextBlockerAppTests.swift in Sources */,
			);
			runOnlyForDeploymentPostprocessing = 0;
		};
/* End PBXSourcesBuildPhase section */

/* Begin PBXTargetDependency section */
		DEP002 /* PBXTargetDependency */ = {
			isa = PBXTargetDependency;
			target = TGT001 /* TextBlockerApp */;
			targetProxy = DEP001 /* PBXContainerItemProxy */;
		};
/* End PBXTargetDependency section */

/* Begin XCBuildConfiguration section */
		CFG101 /* Debug */ = {
			isa = XCBuildConfiguration;
			buildSettings = {
				ALWAYS_SEARCH_USER_PATHS = NO;
				ASSETCATALOG_COMPILER_GENERATE_SWIFT_ASSET_SYMBOL_EXTENSIONS = YES;
				CLANG_ANALYZER_NONNULL = YES;
				CLANG_ANALYZER_NUMBER_OBJECT_CONVERSION = YES_AGGRESSIVE;
				CLANG_CXX_LANGUAGE_STANDARD = "gnu++20";
				CLANG_ENABLE_MODULES = YES;
				CLANG_ENABLE_OBJC_ARC = YES;
				CLANG_ENABLE_OBJC_WEAK = YES;
				CLANG_WARN_BLOCK_CAPTURE_AUTORELEASING = YES;
				CLANG_WARN_BOOL_CONVERSION = YES;
				CLANG_WARN_COMMA = YES;
				CLANG_WARN_CONSTANT_CONVERSION = YES;
				CLANG_WARN_DEPRECATED_OBJC_IMPLEMENTATIONS = YES;
				CLANG_WARN_DIRECT_OBJC_ISA_USAGE = YES_ERROR;
				CLANG_WARN_DOCUMENTATION_COMMENTS = YES;
				CLANG_WARN_EMPTY_BODY = YES;
				CLANG_WARN_ENUM_CONVERSION = YES;
				CLANG_WARN_INFINITE_RECURSION = YES;
				CLANG_WARN_INT_CONVERSION = YES;
				CLANG_WARN_NON_LITERAL_NULL_CONVERSION = YES;
				CLANG_WARN_OBJC_IMPLICIT_RETAIN_SELF = YES;
				CLANG_WARN_OBJC_LITERAL_CONVERSION = YES;
				CLANG_WARN_OBJC_ROOT_CLASS = YES_ERROR;
				CLANG_WARN_QUOTED_INCLUDE_IN_FRAMEWORK_HEADER = YES;
				CLANG_WARN_RANGE_LOOP_ANALYSIS = YES;
				CLANG_WARN_STRICT_PROTOTYPES = YES;
				CLANG_WARN_SUSPICIOUS_MOVE = YES;
				CLANG_WARN_UNGUARDED_AVAILABILITY = YES_AGGRESSIVE;
				CLANG_WARN_UNREACHABLE_CODE = YES;
				CLANG_WARN__DUPLICATE_METHOD_MATCH = YES;
				COPY_PHASE_STRIP = NO;
				DEBUG_INFORMATION_FORMAT = dwarf;
				ENABLE_STRICT_OBJC_MSGSEND = YES;
				ENABLE_TESTABILITY = YES;
				ENABLE_USER_SCRIPT_SANDBOXING = YES;
				GCC_C_LANGUAGE_STANDARD = gnu17;
				GCC_DYNAMIC_NO_PIC = NO;
				GCC_NO_COMMON_BLOCKS = YES;
				GCC_OPTIMIZATION_LEVEL = 0;
				GCC_PREPROCESSOR_DEFINITIONS = (
					"DEBUG=1",
					"$(inherited)",
				);
				GCC_WARN_64_TO_32_BIT_CONVERSION = YES;
				GCC_WARN_ABOUT_RETURN_TYPE = YES_ERROR;
				GCC_WARN_UNDECLARED_SELECTOR = YES;
				GCC_WARN_UNINITIALIZED_AUTOS = YES_AGGRESSIVE;
				GCC_WARN_UNUSED_FUNCTION = YES;
				GCC_WARN_UNUSED_VARIABLE = YES;
				LOCALIZATION_PREFERS_STRING_CATALOGS = YES;
				MACOSX_DEPLOYMENT_TARGET = 14.0;
				MTL_ENABLE_DEBUG_INFO = INCLUDE_SOURCE;
				MTL_FAST_MATH = YES;
				ONLY_ACTIVE_ARCH = YES;
				SDKROOT = macosx;
				SWIFT_ACTIVE_COMPILATION_CONDITIONS = "DEBUG $(inherited)";
				SWIFT_OPTIMIZATION_LEVEL = "-Onone";
			};
			name = Debug;
		};
		CFG102 /* Release */ = {
			isa = XCBuildConfiguration;
			buildSettings = {
				ALWAYS_SEARCH_USER_PATHS = NO;
				ASSETCATALOG_COMPILER_GENERATE_SWIFT_ASSET_SYMBOL_EXTENSIONS = YES;
				CLANG_ANALYZER_NONNULL = YES;
				CLANG_ANALYZER_NUMBER_OBJECT_CONVERSION = YES_AGGRESSIVE;
				CLANG_CXX_LANGUAGE_STANDARD = "gnu++20";
				CLANG_ENABLE_MODULES = YES;
				CLANG_ENABLE_OBJC_ARC = YES;
				CLANG_ENABLE_OBJC_WEAK = YES;
				CLANG_WARN_BLOCK_CAPTURE_AUTORELEASING = YES;
				CLANG_WARN_BOOL_CONVERSION = YES;
				CLANG_WARN_COMMA = YES;
				CLANG_WARN_CONSTANT_CONVERSION = YES;
				CLANG_WARN_DEPRECATED_OBJC_IMPLEMENTATIONS = YES;
				CLANG_WARN_DIRECT_OBJC_ISA_USAGE = YES_ERROR;
				CLANG_WARN_DOCUMENTATION_COMMENTS = YES;
				CLANG_WARN_EMPTY_BODY = YES;
				CLANG_WARN_ENUM_CONVERSION = YES;
				CLANG_WARN_INFINITE_RECURSION = YES;
				CLANG_WARN_INT_CONVERSION = YES;
				CLANG_WARN_NON_LITERAL_NULL_CONVERSION = YES;
				CLANG_WARN_OBJC_IMPLICIT_RETAIN_SELF = YES;
				CLANG_WARN_OBJC_LITERAL_CONVERSION = YES;
				CLANG_WARN_OBJC_ROOT_CLASS = YES_ERROR;
				CLANG_WARN_QUOTED_INCLUDE_IN_FRAMEWORK_HEADER = YES;
				CLANG_WARN_RANGE_LOOP_ANALYSIS = YES;
				CLANG_WARN_STRICT_PROTOTYPES = YES;
				CLANG_WARN_SUSPICIOUS_MOVE = YES;
				CLANG_WARN_UNGUARDED_AVAILABILITY = YES_AGGRESSIVE;
				CLANG_WARN_UNREACHABLE_CODE = YES;
				CLANG_WARN__DUPLICATE_METHOD_MATCH = YES;
				COPY_PHASE_STRIP = NO;
				DEBUG_INFORMATION_FORMAT = "dwarf-with-dsym";
				ENABLE_NS_ASSERTIONS = NO;
				ENABLE_STRICT_OBJC_MSGSEND = YES;
				ENABLE_USER_SCRIPT_SANDBOXING = YES;
				GCC_C_LANGUAGE_STANDARD = gnu17;
				GCC_NO_COMMON_BLOCKS = YES;
				GCC_WARN_64_TO_32_BIT_CONVERSION = YES;
				GCC_WARN_ABOUT_RETURN_TYPE = YES_ERROR;
				GCC_WARN_UNDECLARED_SELECTOR = YES;
				GCC_WARN_UNINITIALIZED_AUTOS = YES_AGGRESSIVE;
				GCC_WARN_UNUSED_FUNCTION = YES;
				GCC_WARN_UNUSED_VARIABLE = YES;
				LOCALIZATION_PREFERS_STRING_CATALOGS = YES;
				MACOSX_DEPLOYMENT_TARGET = 14.0;
				MTL_ENABLE_DEBUG_INFO = NO;
				MTL_FAST_MATH = YES;
				SDKROOT = macosx;
				SWIFT_COMPILATION_MODE = wholemodule;
			};
			name = Release;
		};
		CFG201 /* Debug */ = {
			isa = XCBuildConfiguration;
			buildSettings = {
				ASSETCATALOG_COMPILER_APPICON_NAME = AppIcon;
				ASSETCATALOG_COMPILER_GLOBAL_ACCENT_COLOR_NAME = AccentColor;
				CODE_SIGN_ENTITLEMENTS = TextBlockerApp/TextBlocker.entitlements;
				CODE_SIGN_STYLE = Automatic;
				COMBINE_HIDPI_IMAGES = YES;
				CURRENT_PROJECT_VERSION = 1;
				DEVELOPMENT_ASSET_PATHS = "";
				ENABLE_HARDENED_RUNTIME = YES;
				ENABLE_PREVIEWS = YES;
				GENERATE_INFOPLIST_FILE = YES;
				INFOPLIST_KEY_CFBundleDisplayName = "Text Blocker";
				INFOPLIST_KEY_CFBundleName = "Text Blocker";
				INFOPLIST_KEY_LSApplicationCategoryType = "public.app-category.video";
				INFOPLIST_KEY_NSHumanReadableCopyright = "";
				LD_RUNPATH_SEARCH_PATHS = (
					"$(inherited)",
					"@executable_path/../Frameworks",
				);
				MARKETING_VERSION = 1.0;
				PRODUCT_BUNDLE_IDENTIFIER = com.olievans.textblocker;
				PRODUCT_NAME = "Text Blocker";
				SWIFT_EMIT_LOC_STRINGS = YES;
				SWIFT_VERSION = 5.0;
			};
			name = Debug;
		};
		CFG202 /* Release */ = {
			isa = XCBuildConfiguration;
			buildSettings = {
				ASSETCATALOG_COMPILER_APPICON_NAME = AppIcon;
				ASSETCATALOG_COMPILER_GLOBAL_ACCENT_COLOR_NAME = AccentColor;
				CODE_SIGN_ENTITLEMENTS = TextBlockerApp/TextBlocker.entitlements;
				CODE_SIGN_STYLE = Automatic;
				COMBINE_HIDPI_IMAGES = YES;
				CURRENT_PROJECT_VERSION = 1;
				DEVELOPMENT_ASSET_PATHS = "";
				ENABLE_HARDENED_RUNTIME = YES;
				ENABLE_PREVIEWS = YES;
				GENERATE_INFOPLIST_FILE = YES;
				INFOPLIST_KEY_CFBundleDisplayName = "Text Blocker";
				INFOPLIST_KEY_CFBundleName = "Text Blocker";
				INFOPLIST_KEY_LSApplicationCategoryType = "public.app-category.video";
				INFOPLIST_KEY_NSHumanReadableCopyright = "";
				LD_RUNPATH_SEARCH_PATHS = (
					"$(inherited)",
					"@executable_path/../Frameworks",
				);
				MARKETING_VERSION = 1.0;
				PRODUCT_BUNDLE_IDENTIFIER = com.olievans.textblocker;
				PRODUCT_NAME = "Text Blocker";
				SWIFT_EMIT_LOC_STRINGS = YES;
				SWIFT_VERSION = 5.0;
			};
			name = Release;
		};
		CFG301 /* Debug */ = {
			isa = XCBuildConfiguration;
			buildSettings = {
				BUNDLE_LOADER = "$(TEST_HOST)";
				CODE_SIGN_STYLE = Automatic;
				CURRENT_PROJECT_VERSION = 1;
				GENERATE_INFOPLIST_FILE = YES;
				INFOPLIST_KEY_CFBundleDisplayName = TextBlockerAppTests;
				LD_RUNPATH_SEARCH_PATHS = (
					"$(inherited)",
					"@executable_path/../Frameworks",
					"@loader_path/../Frameworks",
				);
				MACOSX_DEPLOYMENT_TARGET = 14.0;
				PRODUCT_BUNDLE_IDENTIFIER = com.olievans.textblocker.tests;
				PRODUCT_NAME = "Text Blocker";
				SWIFT_VERSION = 5.0;
				TEST_HOST = "$(BUILT_PRODUCTS_DIR)/TextBlockerApp.app/Contents/MacOS/TextBlockerApp";
			};
			name = Debug;
		};
		CFG302 /* Release */ = {
			isa = XCBuildConfiguration;
			buildSettings = {
				BUNDLE_LOADER = "$(TEST_HOST)";
				CODE_SIGN_STYLE = Automatic;
				CURRENT_PROJECT_VERSION = 1;
				GENERATE_INFOPLIST_FILE = YES;
				INFOPLIST_KEY_CFBundleDisplayName = TextBlockerAppTests;
				LD_RUNPATH_SEARCH_PATHS = (
					"$(inherited)",
					"@executable_path/../Frameworks",
					"@loader_path/../Frameworks",
				);
				MACOSX_DEPLOYMENT_TARGET = 14.0;
				PRODUCT_BUNDLE_IDENTIFIER = com.olievans.textblocker.tests;
				PRODUCT_NAME = "Text Blocker";
				SWIFT_VERSION = 5.0;
				TEST_HOST = "$(BUILT_PRODUCTS_DIR)/TextBlockerApp.app/Contents/MacOS/TextBlockerApp";
			};
			name = Release;
		};
/* End XCBuildConfiguration section */

/* Begin XCConfigurationList section */
		CFG001 /* Build configuration list for PBXProject "TextBlockerApp" */ = {
			isa = XCConfigurationList;
			buildConfigurations = (
				CFG101 /* Debug */,
				CFG102 /* Release */,
			);
			defaultConfigurationIsVisible = 0;
			defaultConfigurationName = Release;
		};
		CFG003 /* Build configuration list for PBXNativeTarget "TextBlockerApp" */ = {
			isa = XCConfigurationList;
			buildConfigurations = (
				CFG201 /* Debug */,
				CFG202 /* Release */,
			);
			defaultConfigurationIsVisible = 0;
			defaultConfigurationName = Release;
		};
		CFG004 /* Build configuration list for PBXNativeTarget "TextBlockerAppTests" */ = {
			isa = XCConfigurationList;
			buildConfigurations = (
				CFG301 /* Debug */,
				CFG302 /* Release */,
			);
			defaultConfigurationIsVisible = 0;
			defaultConfigurationName = Release;
		};
/* End XCConfigurationList section */
	};
	rootObject = PRJ001 /* Project object */;
}
